// !$*UTF8*$!
{
	archiveVersion = 1;
	classes = {
	};
	objectVersion = 46;
	objects = {

/* Begin PBXBuildFile section */
		11A9CB0516F3797400B8E3B5 /* UIKit.framework in Frameworks */ = {isa = PBXBuildFile; fileRef = 11A9CB0416F3797400B8E3B5 /* UIKit.framework */; };
		11A9CB0716F3797400B8E3B5 /* Foundation.framework in Frameworks */ = {isa = PBXBuildFile; fileRef = 11A9CB0616F3797400B8E3B5 /* Foundation.framework */; };
		11A9CB0916F3797400B8E3B5 /* CoreGraphics.framework in Frameworks */ = {isa = PBXBuildFile; fileRef = 11A9CB0816F3797400B8E3B5 /* CoreGraphics.framework */; };
		11A9CB0F16F3797400B8E3B5 /* InfoPlist.strings in Resources */ = {isa = PBXBuildFile; fileRef = 11A9CB0D16F3797400B8E3B5 /* InfoPlist.strings */; };
		11A9CB1116F3797400B8E3B5 /* main.m in Sources */ = {isa = PBXBuildFile; fileRef = 11A9CB1016F3797400B8E3B5 /* main.m */; };
		11A9CB1516F3797400B8E3B5 /* AppDelegate.m in Sources */ = {isa = PBXBuildFile; fileRef = 11A9CB1416F3797400B8E3B5 /* AppDelegate.m */; };
		11A9CB1716F3797400B8E3B5 /* Default.png in Resources */ = {isa = PBXBuildFile; fileRef = 11A9CB1616F3797400B8E3B5 /* Default.png */; };
		11A9CB1916F3797400B8E3B5 /* Default@2x.png in Resources */ = {isa = PBXBuildFile; fileRef = 11A9CB1816F3797400B8E3B5 /* Default@2x.png */; };
		11A9CB1B16F3797400B8E3B5 /* Default-568h@2x.png in Resources */ = {isa = PBXBuildFile; fileRef = 11A9CB1A16F3797400B8E3B5 /* Default-568h@2x.png */; };
		11A9CB1E16F3797400B8E3B5 /* MainViewController.m in Sources */ = {isa = PBXBuildFile; fileRef = 11A9CB1D16F3797400B8E3B5 /* MainViewController.m */; };
		11A9CB2116F3797400B8E3B5 /* FlipsideViewController.m in Sources */ = {isa = PBXBuildFile; fileRef = 11A9CB2016F3797400B8E3B5 /* FlipsideViewController.m */; };
		11A9CB2416F3797400B8E3B5 /* MainViewController.xib in Resources */ = {isa = PBXBuildFile; fileRef = 11A9CB2216F3797400B8E3B5 /* MainViewController.xib */; };
		11A9CB2716F3797400B8E3B5 /* FlipsideViewController.xib in Resources */ = {isa = PBXBuildFile; fileRef = 11A9CB2516F3797400B8E3B5 /* FlipsideViewController.xib */; };
		11A9CB3716F379AD00B8E3B5 /* KeychainItemWrapper.m in Sources */ = {isa = PBXBuildFile; fileRef = 11A9CB2E16F379AD00B8E3B5 /* KeychainItemWrapper.m */; };
		11A9CB3816F379AD00B8E3B5 /* UIImage+Alpha.m in Sources */ = {isa = PBXBuildFile; fileRef = 11A9CB3016F379AD00B8E3B5 /* UIImage+Alpha.m */; };
		11A9CB3916F379AD00B8E3B5 /* UIImage+Resize.m in Sources */ = {isa = PBXBuildFile; fileRef = 11A9CB3216F379AD00B8E3B5 /* UIImage+Resize.m */; };
		11A9CB3A16F379AD00B8E3B5 /* UIImage+RoundedCorner.m in Sources */ = {isa = PBXBuildFile; fileRef = 11A9CB3416F379AD00B8E3B5 /* UIImage+RoundedCorner.m */; };
		11A9CB3B16F379AD00B8E3B5 /* Utils.m in Sources */ = {isa = PBXBuildFile; fileRef = 11A9CB3616F379AD00B8E3B5 /* Utils.m */; };
		11A9CB3E16F379EA00B8E3B5 /* Security.framework in Frameworks */ = {isa = PBXBuildFile; fileRef = 11A9CB3D16F379EA00B8E3B5 /* Security.framework */; };
		11A9CB4016F37A0000B8E3B5 /* MessageUI.framework in Frameworks */ = {isa = PBXBuildFile; fileRef = 11A9CB3F16F37A0000B8E3B5 /* MessageUI.framework */; };
		11A9CB4216F37A0C00B8E3B5 /* MobileCoreServices.framework in Frameworks */ = {isa = PBXBuildFile; fileRef = 11A9CB4116F37A0C00B8E3B5 /* MobileCoreServices.framework */; };
		11A9CB4416F37A1100B8E3B5 /* libz.dylib in Frameworks */ = {isa = PBXBuildFile; fileRef = 11A9CB4316F37A1100B8E3B5 /* libz.dylib */; };
		11A9CB4A16F37A7400B8E3B5 /* button_bar.png in Resources */ = {isa = PBXBuildFile; fileRef = 11A9CB4516F37A7400B8E3B5 /* button_bar.png */; };
		11A9CB4B16F37A7400B8E3B5 /* button_camera.png in Resources */ = {isa = PBXBuildFile; fileRef = 11A9CB4616F37A7400B8E3B5 /* button_camera.png */; };
		11A9CB4C16F37A7400B8E3B5 /* button_settings.png in Resources */ = {isa = PBXBuildFile; fileRef = 11A9CB4716F37A7400B8E3B5 /* button_settings.png */; };
		11A9CB4D16F37A7400B8E3B5 /* button_upload_disabled.png in Resources */ = {isa = PBXBuildFile; fileRef = 11A9CB4816F37A7400B8E3B5 /* button_upload_disabled.png */; };
		11A9CB4E16F37A7400B8E3B5 /* button_upload.png in Resources */ = {isa = PBXBuildFile; fileRef = 11A9CB4916F37A7400B8E3B5 /* button_upload.png */; };
		11E88CB416F3AB11000EA530 /* icon@2x.png in Resources */ = {isa = PBXBuildFile; fileRef = 11E88CB116F3A5B5000EA530 /* icon@2x.png */; };
		11E88CB516F3ABBB000EA530 /* icon.png in Resources */ = {isa = PBXBuildFile; fileRef = 11E88CAF16F3A5A7000EA530 /* icon.png */; };
		11E88D1F16F3B68A000EA530 /* NMSSH.framework in Frameworks */ = {isa = PBXBuildFile; fileRef = 11E88D1E16F3B65D000EA530 /* NMSSH.framework */; settings = {ATTRIBUTES = (Required, ); }; };
		11E88D2316F3C47C000EA530 /* Texture1.jpg in Resources */ = {isa = PBXBuildFile; fileRef = 11E88D2116F3C47C000EA530 /* Texture1.jpg */; };
		11E88D2416F3C47C000EA530 /* Texture2.jpg in Resources */ = {isa = PBXBuildFile; fileRef = 11E88D2216F3C47C000EA530 /* Texture2.jpg */; };
/* End PBXBuildFile section */

/* Begin PBXContainerItemProxy section */
		11E88D1D16F3B65D000EA530 /* PBXContainerItemProxy */ = {
			isa = PBXContainerItemProxy;
			containerPortal = 11E88D1916F3B65C000EA530 /* NMSSH-iOS.xcodeproj */;
			proxyType = 2;
			remoteGlobalIDString = E44F372F1640FA960069424F;
			remoteInfo = "NMSSH-iOS";
		};
/* End PBXContainerItemProxy section */

/* Begin PBXFileReference section */
		11A9CB0116F3797400B8E3B5 /* eleven58.app */ = {isa = PBXFileReference; explicitFileType = wrapper.application; includeInIndex = 0; path = eleven58.app; sourceTree = BUILT_PRODUCTS_DIR; };
		11A9CB0416F3797400B8E3B5 /* UIKit.framework */ = {isa = PBXFileReference; lastKnownFileType = wrapper.framework; name = UIKit.framework; path = System/Library/Frameworks/UIKit.framework; sourceTree = SDKROOT; };
		11A9CB0616F3797400B8E3B5 /* Foundation.framework */ = {isa = PBXFileReference; lastKnownFileType = wrapper.framework; name = Foundation.framework; path = System/Library/Frameworks/Foundation.framework; sourceTree = SDKROOT; };
		11A9CB0816F3797400B8E3B5 /* CoreGraphics.framework */ = {isa = PBXFileReference; lastKnownFileType = wrapper.framework; name = CoreGraphics.framework; path = System/Library/Frameworks/CoreGraphics.framework; sourceTree = SDKROOT; };
		11A9CB0C16F3797400B8E3B5 /* eleven58-Info.plist */ = {isa = PBXFileReference; lastKnownFileType = text.plist.xml; path = "eleven58-Info.plist"; sourceTree = "<group>"; };
		11A9CB0E16F3797400B8E3B5 /* en */ = {isa = PBXFileReference; lastKnownFileType = text.plist.strings; name = en; path = en.lproj/InfoPlist.strings; sourceTree = "<group>"; };
		11A9CB1016F3797400B8E3B5 /* main.m */ = {isa = PBXFileReference; lastKnownFileType = sourcecode.c.objc; path = main.m; sourceTree = "<group>"; };
		11A9CB1216F3797400B8E3B5 /* eleven58-Prefix.pch */ = {isa = PBXFileReference; lastKnownFileType = sourcecode.c.h; path = "eleven58-Prefix.pch"; sourceTree = "<group>"; };
		11A9CB1316F3797400B8E3B5 /* AppDelegate.h */ = {isa = PBXFileReference; lastKnownFileType = sourcecode.c.h; path = AppDelegate.h; sourceTree = "<group>"; };
		11A9CB1416F3797400B8E3B5 /* AppDelegate.m */ = {isa = PBXFileReference; lastKnownFileType = sourcecode.c.objc; path = AppDelegate.m; sourceTree = "<group>"; };
		11A9CB1616F3797400B8E3B5 /* Default.png */ = {isa = PBXFileReference; lastKnownFileType = image.png; path = Default.png; sourceTree = "<group>"; };
		11A9CB1816F3797400B8E3B5 /* Default@2x.png */ = {isa = PBXFileReference; lastKnownFileType = image.png; path = "Default@2x.png"; sourceTree = "<group>"; };
		11A9CB1A16F3797400B8E3B5 /* Default-568h@2x.png */ = {isa = PBXFileReference; lastKnownFileType = image.png; path = "Default-568h@2x.png"; sourceTree = "<group>"; };
		11A9CB1C16F3797400B8E3B5 /* MainViewController.h */ = {isa = PBXFileReference; lastKnownFileType = sourcecode.c.h; path = MainViewController.h; sourceTree = "<group>"; };
		11A9CB1D16F3797400B8E3B5 /* MainViewController.m */ = {isa = PBXFileReference; lastKnownFileType = sourcecode.c.objc; path = MainViewController.m; sourceTree = "<group>"; };
		11A9CB1F16F3797400B8E3B5 /* FlipsideViewController.h */ = {isa = PBXFileReference; lastKnownFileType = sourcecode.c.h; path = FlipsideViewController.h; sourceTree = "<group>"; };
		11A9CB2016F3797400B8E3B5 /* FlipsideViewController.m */ = {isa = PBXFileReference; lastKnownFileType = sourcecode.c.objc; path = FlipsideViewController.m; sourceTree = "<group>"; };
		11A9CB2316F3797400B8E3B5 /* en */ = {isa = PBXFileReference; lastKnownFileType = file.xib; name = en; path = en.lproj/MainViewController.xib; sourceTree = "<group>"; };
		11A9CB2616F3797400B8E3B5 /* en */ = {isa = PBXFileReference; lastKnownFileType = file.xib; name = en; path = en.lproj/FlipsideViewController.xib; sourceTree = "<group>"; };
		11A9CB2D16F379AD00B8E3B5 /* KeychainItemWrapper.h */ = {isa = PBXFileReference; fileEncoding = 4; lastKnownFileType = sourcecode.c.h; name = KeychainItemWrapper.h; path = eleven58/KeychainItemWrapper.h; sourceTree = "<group>"; };
		11A9CB2E16F379AD00B8E3B5 /* KeychainItemWrapper.m */ = {isa = PBXFileReference; fileEncoding = 4; lastKnownFileType = sourcecode.c.objc; name = KeychainItemWrapper.m; path = eleven58/KeychainItemWrapper.m; sourceTree = "<group>"; };
		11A9CB2F16F379AD00B8E3B5 /* UIImage+Alpha.h */ = {isa = PBXFileReference; fileEncoding = 4; lastKnownFileType = sourcecode.c.h; name = "UIImage+Alpha.h"; path = "eleven58/UIImage+Alpha.h"; sourceTree = "<group>"; };
		11A9CB3016F379AD00B8E3B5 /* UIImage+Alpha.m */ = {isa = PBXFileReference; fileEncoding = 4; lastKnownFileType = sourcecode.c.objc; name = "UIImage+Alpha.m"; path = "eleven58/UIImage+Alpha.m"; sourceTree = "<group>"; };
		11A9CB3116F379AD00B8E3B5 /* UIImage+Resize.h */ = {isa = PBXFileReference; fileEncoding = 4; lastKnownFileType = sourcecode.c.h; name = "UIImage+Resize.h"; path = "eleven58/UIImage+Resize.h"; sourceTree = "<group>"; };
		11A9CB3216F379AD00B8E3B5 /* UIImage+Resize.m */ = {isa = PBXFileReference; fileEncoding = 4; lastKnownFileType = sourcecode.c.objc; name = "UIImage+Resize.m"; path = "eleven58/UIImage+Resize.m"; sourceTree = "<group>"; };
		11A9CB3316F379AD00B8E3B5 /* UIImage+RoundedCorner.h */ = {isa = PBXFileReference; fileEncoding = 4; lastKnownFileType = sourcecode.c.h; name = "UIImage+RoundedCorner.h"; path = "eleven58/UIImage+RoundedCorner.h"; sourceTree = "<group>"; };
		11A9CB3416F379AD00B8E3B5 /* UIImage+RoundedCorner.m */ = {isa = PBXFileReference; fileEncoding = 4; lastKnownFileType = sourcecode.c.objc; name = "UIImage+RoundedCorner.m"; path = "eleven58/UIImage+RoundedCorner.m"; sourceTree = "<group>"; };
		11A9CB3516F379AD00B8E3B5 /* Utils.h */ = {isa = PBXFileReference; fileEncoding = 4; lastKnownFileType = sourcecode.c.h; path = Utils.h; sourceTree = "<group>"; };
		11A9CB3616F379AD00B8E3B5 /* Utils.m */ = {isa = PBXFileReference; fileEncoding = 4; lastKnownFileType = sourcecode.c.objc; path = Utils.m; sourceTree = "<group>"; };
		11A9CB3D16F379EA00B8E3B5 /* Security.framework */ = {isa = PBXFileReference; lastKnownFileType = wrapper.framework; name = Security.framework; path = System/Library/Frameworks/Security.framework; sourceTree = SDKROOT; };
		11A9CB3F16F37A0000B8E3B5 /* MessageUI.framework */ = {isa = PBXFileReference; lastKnownFileType = wrapper.framework; name = MessageUI.framework; path = System/Library/Frameworks/MessageUI.framework; sourceTree = SDKROOT; };
		11A9CB4116F37A0C00B8E3B5 /* MobileCoreServices.framework */ = {isa = PBXFileReference; lastKnownFileType = wrapper.framework; name = MobileCoreServices.framework; path = System/Library/Frameworks/MobileCoreServices.framework; sourceTree = SDKROOT; };
		11A9CB4316F37A1100B8E3B5 /* libz.dylib */ = {isa = PBXFileReference; lastKnownFileType = "compiled.mach-o.dylib"; name = libz.dylib; path = usr/lib/libz.dylib; sourceTree = SDKROOT; };
		11A9CB4516F37A7400B8E3B5 /* button_bar.png */ = {isa = PBXFileReference; lastKnownFileType = image.png; name = button_bar.png; path = images/button_bar.png; sourceTree = "<group>"; };
		11A9CB4616F37A7400B8E3B5 /* button_camera.png */ = {isa = PBXFileReference; lastKnownFileType = image.png; name = button_camera.png; path = images/button_camera.png; sourceTree = "<group>"; };
		11A9CB4716F37A7400B8E3B5 /* button_settings.png */ = {isa = PBXFileReference; lastKnownFileType = image.png; name = button_settings.png; path = images/button_settings.png; sourceTree = "<group>"; };
		11A9CB4816F37A7400B8E3B5 /* button_upload_disabled.png */ = {isa = PBXFileReference; lastKnownFileType = image.png; name = button_upload_disabled.png; path = images/button_upload_disabled.png; sourceTree = "<group>"; };
		11A9CB4916F37A7400B8E3B5 /* button_upload.png */ = {isa = PBXFileReference; lastKnownFileType = image.png; name = button_upload.png; path = images/button_upload.png; sourceTree = "<group>"; };
		11A9CB5E16F39CB800B8E3B5 /* AppKit.framework */ = {isa = PBXFileReference; lastKnownFileType = wrapper.framework; name = AppKit.framework; path = Library/Frameworks/AppKit.framework; sourceTree = SDKROOT; };
		11A9CB5F16F39CB800B8E3B5 /* CoreData.framework */ = {isa = PBXFileReference; lastKnownFileType = wrapper.framework; name = CoreData.framework; path = Library/Frameworks/CoreData.framework; sourceTree = SDKROOT; };
		11A9CB6016F39CB800B8E3B5 /* Foundation.framework */ = {isa = PBXFileReference; lastKnownFileType = wrapper.framework; name = Foundation.framework; path = Library/Frameworks/Foundation.framework; sourceTree = SDKROOT; };
		11E88CAF16F3A5A7000EA530 /* icon.png */ = {isa = PBXFileReference; lastKnownFileType = image.png; name = icon.png; path = ../icon.png; sourceTree = "<group>"; };
		11E88CB116F3A5B5000EA530 /* icon@2x.png */ = {isa = PBXFileReference; lastKnownFileType = image.png; name = "icon@2x.png"; path = "../icon@2x.png"; sourceTree = "<group>"; };
		11E88CE516F3B146000EA530 /* NMSSH.framework */ = {isa = PBXFileReference; lastKnownFileType = wrapper.framework; name = NMSSH.framework; path = frameworks/iOS/NMSSH.framework; sourceTree = "<group>"; };
		11E88CE716F3B152000EA530 /* NMSSH.framework */ = {isa = PBXFileReference; lastKnownFileType = wrapper.framework; name = NMSSH.framework; path = frameworks/OSX/NMSSH.framework; sourceTree = "<group>"; };
		11E88D0F16F3B567000EA530 /* eleven58 copy-Info.plist */ = {isa = PBXFileReference; lastKnownFileType = text.plist.xml; name = "eleven58 copy-Info.plist"; path = "/Users/stuartlayton/src/eleven58/eleven58 copy-Info.plist"; sourceTree = "<absolute>"; };
		11E88D1916F3B65C000EA530 /* NMSSH-iOS.xcodeproj */ = {isa = PBXFileReference; lastKnownFileType = "wrapper.pb-project"; name = "NMSSH-iOS.xcodeproj"; path = "../NMSSH/NMSSH-iOS.xcodeproj"; sourceTree = "<group>"; };
		11E88D2116F3C47C000EA530 /* Texture1.jpg */ = {isa = PBXFileReference; lastKnownFileType = image.jpeg; name = Texture1.jpg; path = ../../../Desktop/Texture1.jpg; sourceTree = "<group>"; };
		11E88D2216F3C47C000EA530 /* Texture2.jpg */ = {isa = PBXFileReference; lastKnownFileType = image.jpeg; name = Texture2.jpg; path = ../../../Desktop/Texture2.jpg; sourceTree = "<group>"; };
/* End PBXFileReference section */

/* Begin PBXFrameworksBuildPhase section */
		11A9CAFE16F3797400B8E3B5 /* Frameworks */ = {
			isa = PBXFrameworksBuildPhase;
			buildActionMask = 2147483647;
			files = (
				11A9CB4416F37A1100B8E3B5 /* libz.dylib in Frameworks */,
				11A9CB4216F37A0C00B8E3B5 /* MobileCoreServices.framework in Frameworks */,
				11A9CB4016F37A0000B8E3B5 /* MessageUI.framework in Frameworks */,
				11A9CB3E16F379EA00B8E3B5 /* Security.framework in Frameworks */,
				11A9CB0516F3797400B8E3B5 /* UIKit.framework in Frameworks */,
				11A9CB0716F3797400B8E3B5 /* Foundation.framework in Frameworks */,
				11E88D1F16F3B68A000EA530 /* NMSSH.framework in Frameworks */,
				11A9CB0916F3797400B8E3B5 /* CoreGraphics.framework in Frameworks */,
			);
			runOnlyForDeploymentPostprocessing = 0;
		};
/* End PBXFrameworksBuildPhase section */

/* Begin PBXGroup section */
		11A9CAF816F3797400B8E3B5 = {
			isa = PBXGroup;
			children = (
				11E88D1916F3B65C000EA530 /* NMSSH-iOS.xcodeproj */,
				11A9CB0A16F3797400B8E3B5 /* eleven58 */,
				11A9CB0316F3797400B8E3B5 /* Frameworks */,
				11A9CB0216F3797400B8E3B5 /* Products */,
				11E88D0F16F3B567000EA530 /* eleven58 copy-Info.plist */,
			);
			sourceTree = "<group>";
		};
		11A9CB0216F3797400B8E3B5 /* Products */ = {
			isa = PBXGroup;
			children = (
				11A9CB0116F3797400B8E3B5 /* eleven58.app */,
			);
			name = Products;
			sourceTree = "<group>";
		};
		11A9CB0316F3797400B8E3B5 /* Frameworks */ = {
			isa = PBXGroup;
			children = (
				11E88CE716F3B152000EA530 /* NMSSH.framework */,
				11E88CE516F3B146000EA530 /* NMSSH.framework */,
				11A9CB4316F37A1100B8E3B5 /* libz.dylib */,
				11A9CB4116F37A0C00B8E3B5 /* MobileCoreServices.framework */,
				11A9CB3F16F37A0000B8E3B5 /* MessageUI.framework */,
				11A9CB3D16F379EA00B8E3B5 /* Security.framework */,
				11A9CB0416F3797400B8E3B5 /* UIKit.framework */,
				11A9CB0616F3797400B8E3B5 /* Foundation.framework */,
				11A9CB0816F3797400B8E3B5 /* CoreGraphics.framework */,
				11A9CB5D16F39CB800B8E3B5 /* Other Frameworks */,
			);
			name = Frameworks;
			sourceTree = "<group>";
		};
		11A9CB0A16F3797400B8E3B5 /* eleven58 */ = {
			isa = PBXGroup;
			children = (
				11A9CB3516F379AD00B8E3B5 /* Utils.h */,
				11A9CB3616F379AD00B8E3B5 /* Utils.m */,
				11A9CB1316F3797400B8E3B5 /* AppDelegate.h */,
				11A9CB1416F3797400B8E3B5 /* AppDelegate.m */,
				11A9CB1C16F3797400B8E3B5 /* MainViewController.h */,
				11A9CB1D16F3797400B8E3B5 /* MainViewController.m */,
				11A9CB1F16F3797400B8E3B5 /* FlipsideViewController.h */,
				11A9CB2016F3797400B8E3B5 /* FlipsideViewController.m */,
				11A9CB2216F3797400B8E3B5 /* MainViewController.xib */,
				11A9CB2516F3797400B8E3B5 /* FlipsideViewController.xib */,
				11A9CB4F16F37A7900B8E3B5 /* Images */,
				11A9CB3C16F379BC00B8E3B5 /* Other Sources */,
				11A9CB0B16F3797400B8E3B5 /* Supporting Files */,
			);
			path = eleven58;
			sourceTree = "<group>";
		};
		11A9CB0B16F3797400B8E3B5 /* Supporting Files */ = {
			isa = PBXGroup;
			children = (
				11A9CB0C16F3797400B8E3B5 /* eleven58-Info.plist */,
				11A9CB0D16F3797400B8E3B5 /* InfoPlist.strings */,
				11A9CB1016F3797400B8E3B5 /* main.m */,
				11A9CB1216F3797400B8E3B5 /* eleven58-Prefix.pch */,
				11A9CB1616F3797400B8E3B5 /* Default.png */,
				11A9CB1816F3797400B8E3B5 /* Default@2x.png */,
				11A9CB1A16F3797400B8E3B5 /* Default-568h@2x.png */,
			);
			name = "Supporting Files";
			sourceTree = "<group>";
		};
		11A9CB3C16F379BC00B8E3B5 /* Other Sources */ = {
			isa = PBXGroup;
			children = (
				11A9CB2D16F379AD00B8E3B5 /* KeychainItemWrapper.h */,
				11A9CB2E16F379AD00B8E3B5 /* KeychainItemWrapper.m */,
				11A9CB2F16F379AD00B8E3B5 /* UIImage+Alpha.h */,
				11A9CB3016F379AD00B8E3B5 /* UIImage+Alpha.m */,
				11A9CB3116F379AD00B8E3B5 /* UIImage+Resize.h */,
				11A9CB3216F379AD00B8E3B5 /* UIImage+Resize.m */,
				11A9CB3316F379AD00B8E3B5 /* UIImage+RoundedCorner.h */,
				11A9CB3416F379AD00B8E3B5 /* UIImage+RoundedCorner.m */,
			);
			name = "Other Sources";
			path = ..;
			sourceTree = "<group>";
		};
		11A9CB4F16F37A7900B8E3B5 /* Images */ = {
			isa = PBXGroup;
			children = (
				11E88D2116F3C47C000EA530 /* Texture1.jpg */,
				11E88D2216F3C47C000EA530 /* Texture2.jpg */,
				11E88CB116F3A5B5000EA530 /* icon@2x.png */,
				11E88CAF16F3A5A7000EA530 /* icon.png */,
				11A9CB4516F37A7400B8E3B5 /* button_bar.png */,
				11A9CB4616F37A7400B8E3B5 /* button_camera.png */,
				11A9CB4716F37A7400B8E3B5 /* button_settings.png */,
				11A9CB4816F37A7400B8E3B5 /* button_upload_disabled.png */,
				11A9CB4916F37A7400B8E3B5 /* button_upload.png */,
			);
			name = Images;
			sourceTree = "<group>";
		};
		11A9CB5D16F39CB800B8E3B5 /* Other Frameworks */ = {
			isa = PBXGroup;
			children = (
				11A9CB5E16F39CB800B8E3B5 /* AppKit.framework */,
				11A9CB5F16F39CB800B8E3B5 /* CoreData.framework */,
				11A9CB6016F39CB800B8E3B5 /* Foundation.framework */,
			);
			name = "Other Frameworks";
			sourceTree = "<group>";
		};
		11E88D1A16F3B65C000EA530 /* Products */ = {
			isa = PBXGroup;
			children = (
				11E88D1E16F3B65D000EA530 /* NMSSH.framework */,
			);
			name = Products;
			sourceTree = "<group>";
		};
/* End PBXGroup section */

/* Begin PBXNativeTarget section */
		11A9CB0016F3797400B8E3B5 /* eleven58 */ = {
			isa = PBXNativeTarget;
			buildConfigurationList = 11A9CB2A16F3797400B8E3B5 /* Build configuration list for PBXNativeTarget "eleven58" */;
			buildPhases = (
				11A9CAFD16F3797400B8E3B5 /* Sources */,
				11A9CAFE16F3797400B8E3B5 /* Frameworks */,
				11A9CAFF16F3797400B8E3B5 /* Resources */,
			);
			buildRules = (
			);
			dependencies = (
			);
			name = eleven58;
			productName = eleven58;
			productReference = 11A9CB0116F3797400B8E3B5 /* eleven58.app */;
			productType = "com.apple.product-type.application";
		};
/* End PBXNativeTarget section */

/* Begin PBXProject section */
		11A9CAF916F3797400B8E3B5 /* Project object */ = {
			isa = PBXProject;
			attributes = {
				LastUpgradeCheck = 0460;
				ORGANIZATIONNAME = "Stuart Layton";
			};
			buildConfigurationList = 11A9CAFC16F3797400B8E3B5 /* Build configuration list for PBXProject "eleven58" */;
			compatibilityVersion = "Xcode 3.2";
			developmentRegion = English;
			hasScannedForEncodings = 0;
			knownRegions = (
				en,
			);
			mainGroup = 11A9CAF816F3797400B8E3B5;
			productRefGroup = 11A9CB0216F3797400B8E3B5 /* Products */;
			projectDirPath = "";
			projectReferences = (
				{
					ProductGroup = 11E88D1A16F3B65C000EA530 /* Products */;
					ProjectRef = 11E88D1916F3B65C000EA530 /* NMSSH-iOS.xcodeproj */;
				},
			);
			projectRoot = "";
			targets = (
				11A9CB0016F3797400B8E3B5 /* eleven58 */,
			);
		};
/* End PBXProject section */

/* Begin PBXReferenceProxy section */
		11E88D1E16F3B65D000EA530 /* NMSSH.framework */ = {
			isa = PBXReferenceProxy;
			fileType = wrapper.framework.static;
			path = NMSSH.framework;
			remoteRef = 11E88D1D16F3B65D000EA530 /* PBXContainerItemProxy */;
			sourceTree = BUILT_PRODUCTS_DIR;
		};
/* End PBXReferenceProxy section */

/* Begin PBXResourcesBuildPhase section */
		11A9CAFF16F3797400B8E3B5 /* Resources */ = {
			isa = PBXResourcesBuildPhase;
			buildActionMask = 2147483647;
			files = (
				11A9CB0F16F3797400B8E3B5 /* InfoPlist.strings in Resources */,
				11A9CB1716F3797400B8E3B5 /* Default.png in Resources */,
				11A9CB1916F3797400B8E3B5 /* Default@2x.png in Resources */,
				11A9CB1B16F3797400B8E3B5 /* Default-568h@2x.png in Resources */,
				11A9CB2416F3797400B8E3B5 /* MainViewController.xib in Resources */,
				11A9CB2716F3797400B8E3B5 /* FlipsideViewController.xib in Resources */,
				11A9CB4A16F37A7400B8E3B5 /* button_bar.png in Resources */,
				11A9CB4B16F37A7400B8E3B5 /* button_camera.png in Resources */,
				11A9CB4C16F37A7400B8E3B5 /* button_settings.png in Resources */,
				11A9CB4D16F37A7400B8E3B5 /* button_upload_disabled.png in Resources */,
				11A9CB4E16F37A7400B8E3B5 /* button_upload.png in Resources */,
				11E88CB416F3AB11000EA530 /* icon@2x.png in Resources */,
				11E88CB516F3ABBB000EA530 /* icon.png in Resources */,
				11E88D2316F3C47C000EA530 /* Texture1.jpg in Resources */,
				11E88D2416F3C47C000EA530 /* Texture2.jpg in Resources */,
			);
			runOnlyForDeploymentPostprocessing = 0;
		};
/* End PBXResourcesBuildPhase section */

/* Begin PBXSourcesBuildPhase section */
		11A9CAFD16F3797400B8E3B5 /* Sources */ = {
			isa = PBXSourcesBuildPhase;
			buildActionMask = 2147483647;
			files = (
				11A9CB1116F3797400B8E3B5 /* main.m in Sources */,
				11A9CB1516F3797400B8E3B5 /* AppDelegate.m in Sources */,
				11A9CB1E16F3797400B8E3B5 /* MainViewController.m in Sources */,
				11A9CB2116F3797400B8E3B5 /* FlipsideViewController.m in Sources */,
				11A9CB3716F379AD00B8E3B5 /* KeychainItemWrapper.m in Sources */,
				11A9CB3816F379AD00B8E3B5 /* UIImage+Alpha.m in Sources */,
				11A9CB3916F379AD00B8E3B5 /* UIImage+Resize.m in Sources */,
				11A9CB3A16F379AD00B8E3B5 /* UIImage+RoundedCorner.m in Sources */,
				11A9CB3B16F379AD00B8E3B5 /* Utils.m in Sources */,
			);
			runOnlyForDeploymentPostprocessing = 0;
		};
/* End PBXSourcesBuildPhase section */

/* Begin PBXVariantGroup section */
		11A9CB0D16F3797400B8E3B5 /* InfoPlist.strings */ = {
			isa = PBXVariantGroup;
			children = (
				11A9CB0E16F3797400B8E3B5 /* en */,
			);
			name = InfoPlist.strings;
			sourceTree = "<group>";
		};
		11A9CB2216F3797400B8E3B5 /* MainViewController.xib */ = {
			isa = PBXVariantGroup;
			children = (
				11A9CB2316F3797400B8E3B5 /* en */,
			);
			name = MainViewController.xib;
			sourceTree = "<group>";
		};
		11A9CB2516F3797400B8E3B5 /* FlipsideViewController.xib */ = {
			isa = PBXVariantGroup;
			children = (
				11A9CB2616F3797400B8E3B5 /* en */,
			);
			name = FlipsideViewController.xib;
			sourceTree = "<group>";
		};
/* End PBXVariantGroup section */

/* Begin XCBuildConfiguration section */
		11A9CB2816F3797400B8E3B5 /* Debug */ = {
			isa = XCBuildConfiguration;
			buildSettings = {
				ALWAYS_SEARCH_USER_PATHS = NO;
				CLANG_CXX_LANGUAGE_STANDARD = "gnu++0x";
				CLANG_CXX_LIBRARY = "libc++";
				CLANG_ENABLE_OBJC_ARC = YES;
				CLANG_WARN_CONSTANT_CONVERSION = YES;
				CLANG_WARN_EMPTY_BODY = YES;
				CLANG_WARN_ENUM_CONVERSION = YES;
				CLANG_WARN_INT_CONVERSION = YES;
				CLANG_WARN__DUPLICATE_METHOD_MATCH = YES;
				"CODE_SIGN_IDENTITY[sdk=iphoneos*]" = "iPhone Developer";
				COPY_PHASE_STRIP = NO;
				GCC_C_LANGUAGE_STANDARD = gnu99;
				GCC_DYNAMIC_NO_PIC = NO;
				GCC_OPTIMIZATION_LEVEL = 0;
				GCC_PREPROCESSOR_DEFINITIONS = (
					"DEBUG=1",
					"$(inherited)",
				);
				GCC_SYMBOLS_PRIVATE_EXTERN = NO;
				GCC_WARN_ABOUT_RETURN_TYPE = YES;
				GCC_WARN_UNINITIALIZED_AUTOS = YES;
				GCC_WARN_UNUSED_VARIABLE = YES;
				IPHONEOS_DEPLOYMENT_TARGET = 6.1;
				ONLY_ACTIVE_ARCH = YES;
				SDKROOT = iphoneos;
			};
			name = Debug;
		};
		11A9CB2916F3797400B8E3B5 /* Release */ = {
			isa = XCBuildConfiguration;
			buildSettings = {
				ALWAYS_SEARCH_USER_PATHS = NO;
				CLANG_CXX_LANGUAGE_STANDARD = "gnu++0x";
				CLANG_CXX_LIBRARY = "libc++";
				CLANG_ENABLE_OBJC_ARC = YES;
				CLANG_WARN_CONSTANT_CONVERSION = YES;
				CLANG_WARN_EMPTY_BODY = YES;
				CLANG_WARN_ENUM_CONVERSION = YES;
				CLANG_WARN_INT_CONVERSION = YES;
				CLANG_WARN__DUPLICATE_METHOD_MATCH = YES;
				"CODE_SIGN_IDENTITY[sdk=iphoneos*]" = "iPhone Developer";
				COPY_PHASE_STRIP = YES;
				GCC_C_LANGUAGE_STANDARD = gnu99;
				GCC_WARN_ABOUT_RETURN_TYPE = YES;
				GCC_WARN_UNINITIALIZED_AUTOS = YES;
				GCC_WARN_UNUSED_VARIABLE = YES;
				IPHONEOS_DEPLOYMENT_TARGET = 6.1;
				OTHER_CFLAGS = "-DNS_BLOCK_ASSERTIONS=1";
				SDKROOT = iphoneos;
				VALIDATE_PRODUCT = YES;
			};
			name = Release;
		};
		11A9CB2B16F3797400B8E3B5 /* Debug */ = {
			isa = XCBuildConfiguration;
			buildSettings = {
				FRAMEWORK_SEARCH_PATHS = (
					"$(inherited)",
					"\"$(SRCROOT)/frameworks/iOS\"",
				);
				GCC_PRECOMPILE_PREFIX_HEADER = YES;
				GCC_PREFIX_HEADER = "eleven58/eleven58-Prefix.pch";
				INFOPLIST_FILE = "eleven58/eleven58-Info.plist";
				PRODUCT_NAME = "$(TARGET_NAME)";
				WRAPPER_EXTENSION = app;
			};
			name = Debug;
		};
		11A9CB2C16F3797400B8E3B5 /* Release */ = {
			isa = XCBuildConfiguration;
			buildSettings = {
				FRAMEWORK_SEARCH_PATHS = (
					"$(inherited)",
					"\"$(SRCROOT)/frameworks/iOS\"",
				);
				GCC_PRECOMPILE_PREFIX_HEADER = YES;
				GCC_PREFIX_HEADER = "eleven58/eleven58-Prefix.pch";
				INFOPLIST_FILE = "eleven58/eleven58-Info.plist";
				PRODUCT_NAME = "$(TARGET_NAME)";
				WRAPPER_EXTENSION = app;
			};
			name = Release;
		};
/* End XCBuildConfiguration section */

/* Begin XCConfigurationList section */
		11A9CAFC16F3797400B8E3B5 /* Build configuration list for PBXProject "eleven58" */ = {
			isa = XCConfigurationList;
			buildConfigurations = (
				11A9CB2816F3797400B8E3B5 /* Debug */,
				11A9CB2916F3797400B8E3B5 /* Release */,
			);
			defaultConfigurationIsVisible = 0;
			defaultConfigurationName = Release;
		};
		11A9CB2A16F3797400B8E3B5 /* Build configuration list for PBXNativeTarget "eleven58" */ = {
			isa = XCConfigurationList;
			buildConfigurations = (
				11A9CB2B16F3797400B8E3B5 /* Debug */,
				11A9CB2C16F3797400B8E3B5 /* Release */,
			);
			defaultConfigurationIsVisible = 0;
			defaultConfigurationName = Release;
		};
/* End XCConfigurationList section */
	};
	rootObject = 11A9CAF916F3797400B8E3B5 /* Project object */;
}
